
Microsoft Visual Studio Solution File, Format Version 12.00
# Visual Studio 2012
Project("{FAE04EC0-301F-11D3-BF4B-00C04F79EFBC}") = "TradingSystem", "TradingSystem\TradingSystem.csproj", "{C0FE0647-1B9C-4E05-9839-6E8A9B443EFB}"
EndProject
Project("{FAE04EC0-301F-11D3-BF4B-00C04F79EFBC}") = "BLL", "BLL\BLL.csproj", "{11D6AE0D-BF60-4A4F-AF42-CF7710DD8AFE}"
EndProject
Project("{2150E333-8FDC-42A3-9474-1A3956D46DE8}") = "Solution Items", "Solution Items", "{7C63D969-F57E-4286-A86C-8A02C1B78112}"
EndProject
Project("{FAE04EC0-301F-11D3-BF4B-00C04F79EFBC}") = "Calculation", "Calculation\Calculation.csproj", "{0457500E-CF07-4842-998D-E06B16344C1C}"
EndProject
Project("{FAE04EC0-301F-11D3-BF4B-00C04F79EFBC}") = "Config", "Config\Config.csproj", "{1538DB09-6BFC-4623-9DB4-34577F335CD4}"
EndProject
Project("{FAE04EC0-301F-11D3-BF4B-00C04F79EFBC}") = "Controls", "Controls\Controls.csproj", "{B3B6FD6A-3638-4263-93E2-44677BF5F0C8}"
EndProject
Project("{FAE04EC0-301F-11D3-BF4B-00C04F79EFBC}") = "DBAccess", "DBAccess\DBAccess.csproj", "{3CF9D5B6-128C-48D9-8A03-38D81C5845C0}"
EndProject
Project("{FAE04EC0-301F-11D3-BF4B-00C04F79EFBC}") = "DBAccessTest", "DBAccessTest\DBAccessTest.csproj", "{1946E72F-DF28-488F-AD3B-6A9363504079}"
EndProject
Project("{FAE04EC0-301F-11D3-BF4B-00C04F79EFBC}") = "HSUnitTest", "HSUnitTest\HSUnitTest.csproj", "{18B58BF3-8800-41E3-BB53-5C73D8E6333F}"
EndProject
Project("{FAE04EC0-301F-11D3-BF4B-00C04F79EFBC}") = "Model", "Model\Model.csproj", "{9AFC3370-02AB-444B-9C43-411E49F49B16}"
EndProject
Project("{FAE04EC0-301F-11D3-BF4B-00C04F79EFBC}") = "Quote", "Quote\Quote.csproj", "{2F5FDD7A-7491-4FA7-9349-47A4289C711A}"
EndProject
Project("{FAE04EC0-301F-11D3-BF4B-00C04F79EFBC}") = "WAPIWrapperCSharp", "WAPIWrapperCSharp\WAPIWrapperCSharp.csproj", "{7B9116B3-DCF4-4C50-953E-3457A77EA99B}"
EndProject
Project("{FAE04EC0-301F-11D3-BF4B-00C04F79EFBC}") = "WAPIWrapperCSharpTest", "WAPIWrapperCSharpTest\WAPIWrapperCSharpTest.csproj", "{080D6CDD-50DE-4AE8-94B6-00F1A3FB4A4D}"
EndProject
Project("{2150E333-8FDC-42A3-9474-1A3956D46DE8}") = "Test", "Test", "{0182E5DE-DB87-4D3A-9BB3-A6508C43A402}"
EndProject
Project("{FAE04EC0-301F-11D3-BF4B-00C04F79EFBC}") = "ControlsTest", "ControlsTest\ControlsTest.csproj", "{76E70086-D148-4EB0-8A60-098EBB165C50}"
EndProject
Project("{FAE04EC0-301F-11D3-BF4B-00C04F79EFBC}") = "ConfigTest", "ConfigTest\ConfigTest.csproj", "{06208E1D-F1C1-458D-A124-C220CD862B97}"
EndProject
Project("{FAE04EC0-301F-11D3-BF4B-00C04F79EFBC}") = "Forms", "Forms\Forms.csproj", "{35C45D58-FD61-446B-B6A8-9F3EF8529016}"
EndProject
Project("{FAE04EC0-301F-11D3-BF4B-00C04F79EFBC}") = "Util", "Util\Util.csproj", "{723DB468-9D89-40E8-BE82-DDECC927E2CB}"
EndProject
Project("{FAE04EC0-301F-11D3-BF4B-00C04F79EFBC}") = "UtilTest", "UtilTest\UtilTest.csproj", "{CC143059-3915-426E-992E-3825ED84F701}"
EndProject
Project("{2150E333-8FDC-42A3-9474-1A3956D46DE8}") = "SQL", "SQL", "{98AB816C-2942-440F-817E-4DA66EA2BFE4}"
	ProjectSection(SolutionItems) = preProject
		SQL\portfoliomanagement.sql = SQL\portfoliomanagement.sql
		SQL\stocktemplate.sql = SQL\stocktemplate.sql
		SQL\stocktemplate_test.sql = SQL\stocktemplate_test.sql
	EndProjectSection
EndProject
Project("{FAE04EC0-301F-11D3-BF4B-00C04F79EFBC}") = "CalculationTest", "CalculationTest\CalculationTest.csproj", "{C78BDCE1-96C0-404B-9B71-1011CC11DFBA}"
EndProject
Project("{FAE04EC0-301F-11D3-BF4B-00C04F79EFBC}") = "QuoteTest", "QuoteTest\QuoteTest.csproj", "{C7DDDB4B-BDD0-4E27-8EB8-A664B95D579B}"
EndProject
Global
	GlobalSection(SolutionConfigurationPlatforms) = preSolution
		Debug|Any CPU = Debug|Any CPU
		Release|Any CPU = Release|Any CPU
	EndGlobalSection
	GlobalSection(ProjectConfigurationPlatforms) = postSolution
		{C0FE0647-1B9C-4E05-9839-6E8A9B443EFB}.Debug|Any CPU.ActiveCfg = Debug|Any CPU
		{C0FE0647-1B9C-4E05-9839-6E8A9B443EFB}.Debug|Any CPU.Build.0 = Debug|Any CPU
		{C0FE0647-1B9C-4E05-9839-6E8A9B443EFB}.Release|Any CPU.ActiveCfg = Release|Any CPU
		{C0FE0647-1B9C-4E05-9839-6E8A9B443EFB}.Release|Any CPU.Build.0 = Release|Any CPU
		{11D6AE0D-BF60-4A4F-AF42-CF7710DD8AFE}.Debug|Any CPU.ActiveCfg = Debug|Any CPU
		{11D6AE0D-BF60-4A4F-AF42-CF7710DD8AFE}.Debug|Any CPU.Build.0 = Debug|Any CPU
		{11D6AE0D-BF60-4A4F-AF42-CF7710DD8AFE}.Release|Any CPU.ActiveCfg = Release|Any CPU
		{11D6AE0D-BF60-4A4F-AF42-CF7710DD8AFE}.Release|Any CPU.Build.0 = Release|Any CPU
		{0457500E-CF07-4842-998D-E06B16344C1C}.Debug|Any CPU.ActiveCfg = Debug|Any CPU
		{0457500E-CF07-4842-998D-E06B16344C1C}.Debug|Any CPU.Build.0 = Debug|Any CPU
		{0457500E-CF07-4842-998D-E06B16344C1C}.Release|Any CPU.ActiveCfg = Release|Any CPU
		{0457500E-CF07-4842-998D-E06B16344C1C}.Release|Any CPU.Build.0 = Release|Any CPU
		{1538DB09-6BFC-4623-9DB4-34577F335CD4}.Debug|Any CPU.ActiveCfg = Debug|Any CPU
		{1538DB09-6BFC-4623-9DB4-34577F335CD4}.Debug|Any CPU.Build.0 = Debug|Any CPU
		{1538DB09-6BFC-4623-9DB4-34577F335CD4}.Release|Any CPU.ActiveCfg = Release|Any CPU
		{1538DB09-6BFC-4623-9DB4-34577F335CD4}.Release|Any CPU.Build.0 = Release|Any CPU
		{B3B6FD6A-3638-4263-93E2-44677BF5F0C8}.Debug|Any CPU.ActiveCfg = Debug|Any CPU
		{B3B6FD6A-3638-4263-93E2-44677BF5F0C8}.Debug|Any CPU.Build.0 = Debug|Any CPU
		{B3B6FD6A-3638-4263-93E2-44677BF5F0C8}.Release|Any CPU.ActiveCfg = Release|Any CPU
		{B3B6FD6A-3638-4263-93E2-44677BF5F0C8}.Release|Any CPU.Build.0 = Release|Any CPU
		{3CF9D5B6-128C-48D9-8A03-38D81C5845C0}.Debug|Any CPU.ActiveCfg = Debug|Any CPU
		{3CF9D5B6-128C-48D9-8A03-38D81C5845C0}.Debug|Any CPU.Build.0 = Debug|Any CPU
		{3CF9D5B6-128C-48D9-8A03-38D81C5845C0}.Release|Any CPU.ActiveCfg = Release|Any CPU
		{3CF9D5B6-128C-48D9-8A03-38D81C5845C0}.Release|Any CPU.Build.0 = Release|Any CPU
		{1946E72F-DF28-488F-AD3B-6A9363504079}.Debug|Any CPU.ActiveCfg = Debug|Any CPU
		{1946E72F-DF28-488F-AD3B-6A9363504079}.Debug|Any CPU.Build.0 = Debug|Any CPU
		{1946E72F-DF28-488F-AD3B-6A9363504079}.Release|Any CPU.ActiveCfg = Release|Any CPU
		{1946E72F-DF28-488F-AD3B-6A9363504079}.Release|Any CPU.Build.0 = Release|Any CPU
		{18B58BF3-8800-41E3-BB53-5C73D8E6333F}.Debug|Any CPU.ActiveCfg = Debug|Any CPU
		{18B58BF3-8800-41E3-BB53-5C73D8E6333F}.Debug|Any CPU.Build.0 = Debug|Any CPU
		{18B58BF3-8800-41E3-BB53-5C73D8E6333F}.Release|Any CPU.ActiveCfg = Release|Any CPU
		{18B58BF3-8800-41E3-BB53-5C73D8E6333F}.Release|Any CPU.Build.0 = Release|Any CPU
		{9AFC3370-02AB-444B-9C43-411E49F49B16}.Debug|Any CPU.ActiveCfg = Debug|Any CPU
		{9AFC3370-02AB-444B-9C43-411E49F49B16}.Debug|Any CPU.Build.0 = Debug|Any CPU
		{9AFC3370-02AB-444B-9C43-411E49F49B16}.Release|Any CPU.ActiveCfg = Release|Any CPU
		{9AFC3370-02AB-444B-9C43-411E49F49B16}.Release|Any CPU.Build.0 = Release|Any CPU
		{2F5FDD7A-7491-4FA7-9349-47A4289C711A}.Debug|Any CPU.ActiveCfg = Debug|Any CPU
		{2F5FDD7A-7491-4FA7-9349-47A4289C711A}.Debug|Any CPU.Build.0 = Debug|Any CPU
		{2F5FDD7A-7491-4FA7-9349-47A4289C711A}.Release|Any CPU.ActiveCfg = Release|Any CPU
		{2F5FDD7A-7491-4FA7-9349-47A4289C711A}.Release|Any CPU.Build.0 = Release|Any CPU
		{7B9116B3-DCF4-4C50-953E-3457A77EA99B}.Debug|Any CPU.ActiveCfg = Debug|Any CPU
		{7B9116B3-DCF4-4C50-953E-3457A77EA99B}.Debug|Any CPU.Build.0 = Debug|Any CPU
		{7B9116B3-DCF4-4C50-953E-3457A77EA99B}.Release|Any CPU.ActiveCfg = Release|Any CPU
		{7B9116B3-DCF4-4C50-953E-3457A77EA99B}.Release|Any CPU.Build.0 = Release|Any CPU
		{080D6CDD-50DE-4AE8-94B6-00F1A3FB4A4D}.Debug|Any CPU.ActiveCfg = Debug|Any CPU
		{080D6CDD-50DE-4AE8-94B6-00F1A3FB4A4D}.Debug|Any CPU.Build.0 = Debug|Any CPU
		{080D6CDD-50DE-4AE8-94B6-00F1A3FB4A4D}.Release|Any CPU.ActiveCfg = Release|Any CPU
		{080D6CDD-50DE-4AE8-94B6-00F1A3FB4A4D}.Release|Any CPU.Build.0 = Release|Any CPU
		{76E70086-D148-4EB0-8A60-098EBB165C50}.Debug|Any CPU.ActiveCfg = Debug|Any CPU
		{76E70086-D148-4EB0-8A60-098EBB165C50}.Debug|Any CPU.Build.0 = Debug|Any CPU
		{76E70086-D148-4EB0-8A60-098EBB165C50}.Release|Any CPU.ActiveCfg = Release|Any CPU
		{76E70086-D148-4EB0-8A60-098EBB165C50}.Release|Any CPU.Build.0 = Release|Any CPU
		{06208E1D-F1C1-458D-A124-C220CD862B97}.Debug|Any CPU.ActiveCfg = Debug|Any CPU
		{06208E1D-F1C1-458D-A124-C220CD862B97}.Debug|Any CPU.Build.0 = Debug|Any CPU
		{06208E1D-F1C1-458D-A124-C220CD862B97}.Release|Any CPU.ActiveCfg = Release|Any CPU
		{06208E1D-F1C1-458D-A124-C220CD862B97}.Release|Any CPU.Build.0 = Release|Any CPU
		{35C45D58-FD61-446B-B6A8-9F3EF8529016}.Debug|Any CPU.ActiveCfg = Debug|Any CPU
		{35C45D58-FD61-446B-B6A8-9F3EF8529016}.Debug|Any CPU.Build.0 = Debug|Any CPU
		{35C45D58-FD61-446B-B6A8-9F3EF8529016}.Release|Any CPU.ActiveCfg = Release|Any CPU
		{35C45D58-FD61-446B-B6A8-9F3EF8529016}.Release|Any CPU.Build.0 = Release|Any CPU
		{723DB468-9D89-40E8-BE82-DDECC927E2CB}.Debug|Any CPU.ActiveCfg = Debug|Any CPU
		{723DB468-9D89-40E8-BE82-DDECC927E2CB}.Debug|Any CPU.Build.0 = Debug|Any CPU
		{723DB468-9D89-40E8-BE82-DDECC927E2CB}.Release|Any CPU.ActiveCfg = Release|Any CPU
		{723DB468-9D89-40E8-BE82-DDECC927E2CB}.Release|Any CPU.Build.0 = Release|Any CPU
		{CC143059-3915-426E-992E-3825ED84F701}.Debug|Any CPU.ActiveCfg = Debug|Any CPU
		{CC143059-3915-426E-992E-3825ED84F701}.Debug|Any CPU.Build.0 = Debug|Any CPU
		{CC143059-3915-426E-992E-3825ED84F701}.Release|Any CPU.ActiveCfg = Release|Any CPU
		{CC143059-3915-426E-992E-3825ED84F701}.Release|Any CPU.Build.0 = Release|Any CPU
		{C78BDCE1-96C0-404B-9B71-1011CC11DFBA}.Debug|Any CPU.ActiveCfg = Debug|Any CPU
		{C78BDCE1-96C0-404B-9B71-1011CC11DFBA}.Debug|Any CPU.Build.0 = Debug|Any CPU
		{C78BDCE1-96C0-404B-9B71-1011CC11DFBA}.Release|Any CPU.ActiveCfg = Release|Any CPU
		{C78BDCE1-96C0-404B-9B71-1011CC11DFBA}.Release|Any CPU.Build.0 = Release|Any CPU
		{C7DDDB4B-BDD0-4E27-8EB8-A664B95D579B}.Debug|Any CPU.ActiveCfg = Debug|Any CPU
		{C7DDDB4B-BDD0-4E27-8EB8-A664B95D579B}.Debug|Any CPU.Build.0 = Debug|Any CPU
		{C7DDDB4B-BDD0-4E27-8EB8-A664B95D579B}.Release|Any CPU.ActiveCfg = Release|Any CPU
		{C7DDDB4B-BDD0-4E27-8EB8-A664B95D579B}.Release|Any CPU.Build.0 = Release|Any CPU
	EndGlobalSection
	GlobalSection(SolutionProperties) = preSolution
		HideSolutionNode = FALSE
	EndGlobalSection
	GlobalSection(NestedProjects) = preSolution
		{18B58BF3-8800-41E3-BB53-5C73D8E6333F} = {0182E5DE-DB87-4D3A-9BB3-A6508C43A402}
		{080D6CDD-50DE-4AE8-94B6-00F1A3FB4A4D} = {0182E5DE-DB87-4D3A-9BB3-A6508C43A402}
		{1946E72F-DF28-488F-AD3B-6A9363504079} = {0182E5DE-DB87-4D3A-9BB3-A6508C43A402}
		{76E70086-D148-4EB0-8A60-098EBB165C50} = {0182E5DE-DB87-4D3A-9BB3-A6508C43A402}
		{06208E1D-F1C1-458D-A124-C220CD862B97} = {0182E5DE-DB87-4D3A-9BB3-A6508C43A402}
		{CC143059-3915-426E-992E-3825ED84F701} = {0182E5DE-DB87-4D3A-9BB3-A6508C43A402}
		{C78BDCE1-96C0-404B-9B71-1011CC11DFBA} = {0182E5DE-DB87-4D3A-9BB3-A6508C43A402}
		{C7DDDB4B-BDD0-4E27-8EB8-A664B95D579B} = {0182E5DE-DB87-4D3A-9BB3-A6508C43A402}
	EndGlobalSection
EndGlobal
